
Microsoft Visual Studio Solution File, Format Version 12.00
# Visual Studio 15
VisualStudioVersion = 15.0.28010.2041
MinimumVisualStudioVersion = 10.0.40219.1
Project("{FAE04EC0-301F-11D3-BF4B-00C04F79EFBC}") = "TicTakToe_Game", "TicTakToe_Game\TicTakToe_Game.csproj", "{DA9FE8F1-E4C9-4169-98AE-33D26B682C48}"
EndProject
Global
	GlobalSection(SolutionConfigurationPlatforms) = preSolution
		Debug|Any CPU = Debug|Any CPU
		Release|Any CPU = Release|Any CPU
	EndGlobalSection
	GlobalSection(ProjectConfigurationPlatforms) = postSolution
		{DA9FE8F1-E4C9-4169-98AE-33D26B682C48}.Debug|Any CPU.ActiveCfg = Debug|Any CPU
		{DA9FE8F1-E4C9-4169-98AE-33D26B682C48}.Debug|Any CPU.Build.0 = Debug|Any CPU
		{DA9FE8F1-E4C9-4169-98AE-33D26B682C48}.Release|Any CPU.ActiveCfg = Release|Any CPU
		{DA9FE8F1-E4C9-4169-98AE-33D26B682C48}.Release|Any CPU.Build.0 = Release|Any CPU
	EndGlobalSection
	GlobalSection(SolutionProperties) = preSolution
		HideSolutionNode = FALSE
	EndGlobalSection
	GlobalSection(ExtensibilityGlobals) = postSolution
		SolutionGuid = {4DFBE5B2-80E7-4CDC-B97D-0B305FDA5B9F}
	EndGlobalSection
EndGlobal
